// !$*UTF8*$!
{
	archiveVersion = 1;
	classes = {
	};
	objectVersion = 50;
	objects = {

/* Begin PBXBuildFile section */
		3DF42E6921FB9F6F00ECA3A9 /* AppDelegate.swift in Sources */ = {isa = PBXBuildFile; fileRef = 3DF42E6821FB9F6F00ECA3A9 /* AppDelegate.swift */; };
		3DF42E6B21FB9F6F00ECA3A9 /* ViewController.swift in Sources */ = {isa = PBXBuildFile; fileRef = 3DF42E6A21FB9F6F00ECA3A9 /* ViewController.swift */; };
		3DF42E6E21FB9F6F00ECA3A9 /* Main.storyboard in Resources */ = {isa = PBXBuildFile; fileRef = 3DF42E6C21FB9F6F00ECA3A9 /* Main.storyboard */; };
		3DF42E7021FB9F7000ECA3A9 /* Assets.xcassets in Resources */ = {isa = PBXBuildFile; fileRef = 3DF42E6F21FB9F7000ECA3A9 /* Assets.xcassets */; };
		3DF42E7321FB9F7000ECA3A9 /* LaunchScreen.storyboard in Resources */ = {isa = PBXBuildFile; fileRef = 3DF42E7121FB9F7000ECA3A9 /* LaunchScreen.storyboard */; };
/* End PBXBuildFile section */

/* Begin PBXFileReference section */
		3DF42E6521FB9F6F00ECA3A9 /* countryInfoJSON.app */ = {isa = PBXFileReference; explicitFileType = wrapper.application; includeInIndex = 0; path = countryInfoJSON.app; sourceTree = BUILT_PRODUCTS_DIR; };
		3DF42E6821FB9F6F00ECA3A9 /* AppDelegate.swift */ = {isa = PBXFileReference; lastKnownFileType = sourcecode.swift; path = AppDelegate.swift; sourceTree = "<group>"; };
		3DF42E6A21FB9F6F00ECA3A9 /* ViewController.swift */ = {isa = PBXFileReference; lastKnownFileType = sourcecode.swift; path = ViewController.swift; sourceTree = "<group>"; };
		3DF42E6D21FB9F6F00ECA3A9 /* Base */ = {isa = PBXFileReference; lastKnownFileType = file.storyboard; name = Base; path = Base.lproj/Main.storyboard; sourceTree = "<group>"; };
		3DF42E6F21FB9F7000ECA3A9 /* Assets.xcassets */ = {isa = PBXFileReference; lastKnownFileType = folder.assetcatalog; path = Assets.xcassets; sourceTree = "<group>"; };
		3DF42E7221FB9F7000ECA3A9 /* Base */ = {isa = PBXFileReference; lastKnownFileType = file.storyboard; name = Base; path = Base.lproj/LaunchScreen.storyboard; sourceTree = "<group>"; };
		3DF42E7421FB9F7000ECA3A9 /* Info.plist */ = {isa = PBXFileReference; lastKnownFileType = text.plist.xml; path = Info.plist; sourceTree = "<group>"; };
/* End PBXFileReference section */

/* Begin PBXFrameworksBuildPhase section */
		3DF42E6221FB9F6F00ECA3A9 /* Frameworks */ = {
			isa = PBXFrameworksBuildPhase;
			buildActionMask = 2147483647;
			files = (
			);
			runOnlyForDeploymentPostprocessing = 0;
		};
/* End PBXFrameworksBuildPhase section */

/* Begin PBXGroup section */
		3DF42E5C21FB9F6F00ECA3A9 = {
			isa = PBXGroup;
			children = (
				3DF42E6721FB9F6F00ECA3A9 /* countryInfoJSON */,
				3DF42E6621FB9F6F00ECA3A9 /* Products */,
			);
			sourceTree = "<group>";
		};
		3DF42E6621FB9F6F00ECA3A9 /* Products */ = {
			isa = PBXGroup;
			children = (
				3DF42E6521FB9F6F00ECA3A9 /* countryInfoJSON.app */,
			);
			name = Products;
			sourceTree = "<group>";
		};
		3DF42E6721FB9F6F00ECA3A9 /* countryInfoJSON */ = {
			isa = PBXGroup;
			children = (
				3DF42E6821FB9F6F00ECA3A9 /* AppDelegate.swift */,
				3DF42E6A21FB9F6F00ECA3A9 /* ViewController.swift */,
				3DF42E6C21FB9F6F00ECA3A9 /* Main.storyboard */,
				3DF42E6F21FB9F7000ECA3A9 /* Assets.xcassets */,
				3DF42E7121FB9F7000ECA3A9 /* LaunchScreen.storyboard */,
				3DF42E7421FB9F7000ECA3A9 /* Info.plist */,
			);
			path = countryInfoJSON;
			sourceTree = "<group>";
		};
/* End PBXGroup section */

/* Begin PBXNativeTarget section */
		3DF42E6421FB9F6F00ECA3A9 /* countryInfoJSON */ = {
			isa = PBXNativeTarget;
			buildConfigurationList = 3DF42E7721FB9F7000ECA3A9 /* Build configuration list for PBXNativeTarget "countryInfoJSON" */;
			buildPhases = (
				3DF42E6121FB9F6F00ECA3A9 /* Sources */,
				3DF42E6221FB9F6F00ECA3A9 /* Frameworks */,
				3DF42E6321FB9F6F00ECA3A9 /* Resources */,
			);
			buildRules = (
			);
			dependencies = (
			);
			name = countryInfoJSON;
			productName = countryInfoJSON;
			productReference = 3DF42E6521FB9F6F00ECA3A9 /* countryInfoJSON.app */;
			productType = "com.apple.product-type.application";
		};
/* End PBXNativeTarget section */

/* Begin PBXProject section */
		3DF42E5D21FB9F6F00ECA3A9 /* Project object */ = {
			isa = PBXProject;
			attributes = {
				LastSwiftUpdateCheck = 1010;
				LastUpgradeCheck = 1010;
				ORGANIZATIONNAME = "West Kraemer";
				TargetAttributes = {
					3DF42E6421FB9F6F00ECA3A9 = {
						CreatedOnToolsVersion = 10.1;
					};
				};
			};
			buildConfigurationList = 3DF42E6021FB9F6F00ECA3A9 /* Build configuration list for PBXProject "countryInfoJSON" */;
			compatibilityVersion = "Xcode 9.3";
			developmentRegion = en;
			hasScannedForEncodings = 0;
			knownRegions = (
				en,
				Base,
			);
			mainGroup = 3DF42E5C21FB9F6F00ECA3A9;
			productRefGroup = 3DF42E6621FB9F6F00ECA3A9 /* Products */;
			projectDirPath = "";
			projectRoot = "";
			targets = (
				3DF42E6421FB9F6F00ECA3A9 /* countryInfoJSON */,
			);
		};
/* End PBXProject section */

/* Begin PBXResourcesBuildPhase section */
		3DF42E6321FB9F6F00ECA3A9 /* Resources */ = {
			isa = PBXResourcesBuildPhase;
			buildActionMask = 2147483647;
			files = (
				3DF42E7321FB9F7000ECA3A9 /* LaunchScreen.storyboard in Resources */,
				3DF42E7021FB9F7000ECA3A9 /* Assets.xcassets in Resources */,
				3DF42E6E21FB9F6F00ECA3A9 /* Main.storyboard in Resources */,
			);
			runOnlyForDeploymentPostprocessing = 0;
		};
/* End PBXResourcesBuildPhase section */

/* Begin PBXSourcesBuildPhase section */
		3DF42E6121FB9F6F00ECA3A9 /* Sources */ = {
			isa = PBXSourcesBuildPhase;
			buildActionMask = 2147483647;
			files = (
				3DF42E6B21FB9F6F00ECA3A9 /* ViewController.swift in Sources */,
				3DF42E6921FB9F6F00ECA3A9 /* AppDelegate.swift in Sources */,
			);
			runOnlyForDeploymentPostprocessing = 0;
		};
/* End PBXSourcesBuildPhase section */

/* Begin PBXVariantGroup section */
		3DF42E6C21FB9F6F00ECA3A9 /* Main.storyboard */ = {
			isa = PBXVariantGroup;
			children = (
				3DF42E6D21FB9F6F00ECA3A9 /* Base */,
			);
			name = Main.storyboard;
			sourceTree = "<group>";
		};
		3DF42E7121FB9F7000ECA3A9 /* LaunchScreen.storyboard */ = {
			isa = PBXVariantGroup;
			children = (
				3DF42E7221FB9F7000ECA3A9 /* Base */,
			);
			name = LaunchScreen.storyboard;
			sourceTree = "<group>";
		};
/* End PBXVariantGroup section */

/* Begin XCBuildConfiguration section */
		3DF42E7521FB9F7000ECA3A9 /* Debug */ = {
			isa = XCBuildConfiguration;
			buildSettings = {
				ALWAYS_SEARCH_USER_PATHS = NO;
				CLANG_ANALYZER_NONNULL = YES;
				CLANG_ANALYZER_NUMBER_OBJECT_CONVERSION = YES_AGGRESSIVE;
				CLANG_CXX_LANGUAGE_STANDARD = "gnu++14";
				CLANG_CXX_LIBRARY = "libc++";
				CLANG_ENABLE_MODULES = YES;
				CLANG_ENABLE_OBJC_ARC = YES;
				CLANG_ENABLE_OBJC_WEAK = YES;
				CLANG_WARN_BLOCK_CAPTURE_AUTORELEASING = YES;
				CLANG_WARN_BOOL_CONVERSION = YES;
				CLANG_WARN_COMMA = YES;
				CLANG_WARN_CONSTANT_CONVERSION = YES;
				CLANG_WARN_DEPRECATED_OBJC_IMPLEMENTATIONS = YES;
				CLANG_WARN_DIRECT_OBJC_ISA_USAGE = YES_ERROR;
				CLANG_WARN_DOCUMENTATION_COMMENTS = YES;
				CLANG_WARN_EMPTY_BODY = YES;
				CLANG_WARN_ENUM_CONVERSION = YES;
				CLANG_WARN_INFINITE_RECURSION = YES;
				CLANG_WARN_INT_CONVERSION = YES;
				CLANG_WARN_NON_LITERAL_NULL_CONVERSION = YES;
				CLANG_WARN_OBJC_IMPLICIT_RETAIN_SELF = YES;
				CLANG_WARN_OBJC_LITERAL_CONVERSION = YES;
				CLANG_WARN_OBJC_ROOT_CLASS = YES_ERROR;
				CLANG_WARN_RANGE_LOOP_ANALYSIS = YES;
				CLANG_WARN_STRICT_PROTOTYPES = YES;
				CLANG_WARN_SUSPICIOUS_MOVE = YES;
				CLANG_WARN_UNGUARDED_AVAILABILITY = YES_AGGRESSIVE;
				CLANG_WARN_UNREACHABLE_CODE = YES;
				CLANG_WARN__DUPLICATE_METHOD_MATCH = YES;
				CODE_SIGN_IDENTITY = "iPhone Developer";
				COPY_PHASE_STRIP = NO;
				DEBUG_INFORMATION_FORMAT = dwarf;
				ENABLE_STRICT_OBJC_MSGSEND = YES;
				ENABLE_TESTABILITY = YES;
				GCC_C_LANGUAGE_STANDARD = gnu11;
				GCC_DYNAMIC_NO_PIC = NO;
				GCC_NO_COMMON_BLOCKS = YES;
				GCC_OPTIMIZATION_LEVEL = 0;
				GCC_PREPROCESSOR_DEFINITIONS = (
					"DEBUG=1",
					"$(inherited)",
				);
				GCC_WARN_64_TO_32_BIT_CONVERSION = YES;
				GCC_WARN_ABOUT_RETURN_TYPE = YES_ERROR;
				GCC_WARN_UNDECLARED_SELECTOR = YES;
				GCC_WARN_UNINITIALIZED_AUTOS = YES_AGGRESSIVE;
				GCC_WARN_UNUSED_FUNCTION = YES;
				GCC_WARN_UNUSED_VARIABLE = YES;
				IPHONEOS_DEPLOYMENT_TARGET = 12.1;
				MTL_ENABLE_DEBUG_INFO = INCLUDE_SOURCE;
				MTL_FAST_MATH = YES;
				ONLY_ACTIVE_ARCH = YES;
				SDKROOT = iphoneos;
				SWIFT_ACTIVE_COMPILATION_CONDITIONS = DEBUG;
				SWIFT_OPTIMIZATION_LEVEL = "-Onone";
			};
			name = Debug;
		};
		3DF42E7621FB9F7000ECA3A9 /* Release */ = {
			isa = XCBuildConfiguration;
			buildSettings = {
				ALWAYS_SEARCH_USER_PATHS = NO;
				CLANG_ANALYZER_NONNULL = YES;
				CLANG_ANALYZER_NUMBER_OBJECT_CONVERSION = YES_AGGRESSIVE;
				CLANG_CXX_LANGUAGE_STANDARD = "gnu++14";
				CLANG_CXX_LIBRARY = "libc++";
				CLANG_ENABLE_MODULES = YES;
				CLANG_ENABLE_OBJC_ARC = YES;
				CLANG_ENABLE_OBJC_WEAK = YES;
				CLANG_WARN_BLOCK_CAPTURE_AUTORELEASING = YES;
				CLANG_WARN_BOOL_CONVERSION = YES;
				CLANG_WARN_COMMA = YES;
				CLANG_WARN_CONSTANT_CONVERSION = YES;
				CLANG_WARN_DEPRECATED_OBJC_IMPLEMENTATIONS = YES;
				CLANG_WARN_DIRECT_OBJC_ISA_USAGE = YES_ERROR;
				CLANG_WARN_DOCUMENTATION_COMMENTS = YES;
				CLANG_WARN_EMPTY_BODY = YES;
				CLANG_WARN_ENUM_CONVERSION = YES;
				CLANG_WARN_INFINITE_RECURSION = YES;
				CLANG_WARN_INT_CONVERSION = YES;
				CLANG_WARN_NON_LITERAL_NULL_CONVERSION = YES;
				CLANG_WARN_OBJC_IMPLICIT_RETAIN_SELF = YES;
				CLANG_WARN_OBJC_LITERAL_CONVERSION = YES;
				CLANG_WARN_OBJC_ROOT_CLASS = YES_ERROR;
				CLANG_WARN_RANGE_LOOP_ANALYSIS = YES;
				CLANG_WARN_STRICT_PROTOTYPES = YES;
				CLANG_WARN_SUSPICIOUS_MOVE = YES;
				CLANG_WARN_UNGUARDED_AVAILABILITY = YES_AGGRESSIVE;
				CLANG_WARN_UNREACHABLE_CODE = YES;
				CLANG_WARN__DUPLICATE_METHOD_MATCH = YES;
				CODE_SIGN_IDENTITY = "iPhone Developer";
				COPY_PHASE_STRIP = NO;
				DEBUG_INFORMATION_FORMAT = "dwarf-with-dsym";
				ENABLE_NS_ASSERTIONS = NO;
				ENABLE_STRICT_OBJC_MSGSEND = YES;
				GCC_C_LANGUAGE_STANDARD = gnu11;
				GCC_NO_COMMON_BLOCKS = YES;
				GCC_WARN_64_TO_32_BIT_CONVERSION = YES;
				GCC_WARN_ABOUT_RETURN_TYPE = YES_ERROR;
				GCC_WARN_UNDECLARED_SELECTOR = YES;
				GCC_WARN_UNINITIALIZED_AUTOS = YES_AGGRESSIVE;
				GCC_WARN_UNUSED_FUNCTION = YES;
				GCC_WARN_UNUSED_VARIABLE = YES;
				IPHONEOS_DEPLOYMENT_TARGET = 12.1;
				MTL_ENABLE_DEBUG_INFO = NO;
				MTL_FAST_MATH = YES;
				SDKROOT = iphoneos;
				SWIFT_COMPILATION_MODE = wholemodule;
				SWIFT_OPTIMIZATION_LEVEL = "-O";
				VALIDATE_PRODUCT = YES;
			};
			name = Release;
		};
		3DF42E7821FB9F7000ECA3A9 /* Debug */ = {
			isa = XCBuildConfiguration;
			buildSettings = {
				ASSETCATALOG_COMPILER_APPICON_NAME = AppIcon;
				CODE_SIGN_STYLE = Automatic;
				DEVELOPMENT_TEAM = 7LN94YUJ88;
				INFOPLIST_FILE = countryInfoJSON/Info.plist;
				LD_RUNPATH_SEARCH_PATHS = (
					"$(inherited)",
					"@executable_path/Frameworks",
				);
				PRODUCT_BUNDLE_IDENTIFIER = west.countryInfoJSON;
				PRODUCT_NAME = "$(TARGET_NAME)";
				SWIFT_VERSION = 4.2;
				TARGETED_DEVICE_FAMILY = "1,2";
			};
			name = Debug;
		};
		3DF42E7921FB9F7000ECA3A9 /* Release */ = {
			isa = XCBuildConfiguration;
			buildSettings = {
				ASSETCATALOG_COMPILER_APPICON_NAME = AppIcon;
				CODE_SIGN_STYLE = Automatic;
				DEVELOPMENT_TEAM = 7LN94YUJ88;
				INFOPLIST_FILE = countryInfoJSON/Info.plist;
				LD_RUNPATH_SEARCH_PATHS = (
					"$(inherited)",
					"@executable_path/Frameworks",
				);
				PRODUCT_BUNDLE_IDENTIFIER = west.countryInfoJSON;
				PRODUCT_NAME = "$(TARGET_NAME)";
				SWIFT_VERSION = 4.2;
				TARGETED_DEVICE_FAMILY = "1,2";
			};
			name = Release;
		};
/* End XCBuildConfiguration section */

/* Begin XCConfigurationList section */
		3DF42E6021FB9F6F00ECA3A9 /* Build configuration list for PBXProject "countryInfoJSON" */ = {
			isa = XCConfigurationList;
			buildConfigurations = (
				3DF42E7521FB9F7000ECA3A9 /* Debug */,
				3DF42E7621FB9F7000ECA3A9 /* Release */,
			);
			defaultConfigurationIsVisible = 0;
			defaultConfigurationName = Release;
		};
		3DF42E7721FB9F7000ECA3A9 /* Build configuration list for PBXNativeTarget "countryInfoJSON" */ = {
			isa = XCConfigurationList;
			buildConfigurations = (
				3DF42E7821FB9F7000ECA3A9 /* Debug */,
				3DF42E7921FB9F7000ECA3A9 /* Release */,
			);
			defaultConfigurationIsVisible = 0;
			defaultConfigurationName = Release;
		};
/* End XCConfigurationList section */
	};
	rootObject = 3DF42E5D21FB9F6F00ECA3A9 /* Project object */;
}
